
Microsoft Visual Studio Solution File, Format Version 12.00
# Visual Studio Version 16
VisualStudioVersion = 16.0.32901.82
MinimumVisualStudioVersion = 10.0.40219.1
Project("{FAE04EC0-301F-11D3-BF4B-00C04F79EFBC}") = "IP", "IP\IP.csproj", "{ED7B9D2A-2449-4ECA-BFEB-F4CD8E2CF9DC}"
EndProject
Project("{FAE04EC0-301F-11D3-BF4B-00C04F79EFBC}") = "Interfata Urata", "Interfata Urata\Interfata Urata.csproj", "{B8511EC4-39C9-49BF-B885-154CAE95C938}"
EndProject
Project("{FAE04EC0-301F-11D3-BF4B-00C04F79EFBC}") = "UIModule", "UIModule\UIModule.csproj", "{7CBA0E1B-BDFD-4E3C-BD5F-1CCC9662697F}"
EndProject
Project("{FAE04EC0-301F-11D3-BF4B-00C04F79EFBC}") = "SoundModule", "SoundModule\SoundModule.csproj", "{25C31EF1-50CE-4B48-9701-9739D4518684}"
EndProject
Project("{FAE04EC0-301F-11D3-BF4B-00C04F79EFBC}") = "LoggerDLL", "LoggerDLL\LoggerDLL.csproj", "{1F0C3B79-D02D-4DFD-A114-FA8360F3A410}"
EndProject
Project("{FAE04EC0-301F-11D3-BF4B-00C04F79EFBC}") = "SocketDLL", "SocketDLL\SocketDLL.csproj", "{59C04875-8DAB-4035-9C18-55A21E924B30}"
EndProject
Project("{FAE04EC0-301F-11D3-BF4B-00C04F79EFBC}") = "HookDLL", "HookDLL\HookDLL.csproj", "{AF47086F-0041-45E0-A686-23824C769BAE}"
EndProject
Project("{FAE04EC0-301F-11D3-BF4B-00C04F79EFBC}") = "AppLogicModule", "AppLogicModule\AppLogicModule.csproj", "{3BDDF8C3-C028-402D-BC83-BC4B8F60956B}"
EndProject
Project("{9A19103F-16F7-4668-BE54-9A1E7A4F7556}") = "SocketTest", "SocketTest\SocketTest.csproj", "{706C71C8-F784-405B-89CC-71E3D10CA353}"
EndProject
Project("{9A19103F-16F7-4668-BE54-9A1E7A4F7556}") = "HookTest", "HookTest\HookTest.csproj", "{065C2297-164B-4705-A838-23560DD76EEB}"
EndProject
Project("{FAE04EC0-301F-11D3-BF4B-00C04F79EFBC}") = "LoggerTest", "LoggerTest\LoggerTest.csproj", "{F4E3ABC4-84FC-4241-A19F-332997B079D1}"
EndProject
Global
	GlobalSection(SolutionConfigurationPlatforms) = preSolution
		Debug|Any CPU = Debug|Any CPU
		Release|Any CPU = Release|Any CPU
	EndGlobalSection
	GlobalSection(ProjectConfigurationPlatforms) = postSolution
		{ED7B9D2A-2449-4ECA-BFEB-F4CD8E2CF9DC}.Debug|Any CPU.ActiveCfg = Debug|Any CPU
		{ED7B9D2A-2449-4ECA-BFEB-F4CD8E2CF9DC}.Debug|Any CPU.Build.0 = Debug|Any CPU
		{ED7B9D2A-2449-4ECA-BFEB-F4CD8E2CF9DC}.Release|Any CPU.ActiveCfg = Release|Any CPU
		{ED7B9D2A-2449-4ECA-BFEB-F4CD8E2CF9DC}.Release|Any CPU.Build.0 = Release|Any CPU
		{B8511EC4-39C9-49BF-B885-154CAE95C938}.Debug|Any CPU.ActiveCfg = Debug|Any CPU
		{B8511EC4-39C9-49BF-B885-154CAE95C938}.Debug|Any CPU.Build.0 = Debug|Any CPU
		{B8511EC4-39C9-49BF-B885-154CAE95C938}.Release|Any CPU.ActiveCfg = Release|Any CPU
		{B8511EC4-39C9-49BF-B885-154CAE95C938}.Release|Any CPU.Build.0 = Release|Any CPU
		{7CBA0E1B-BDFD-4E3C-BD5F-1CCC9662697F}.Debug|Any CPU.ActiveCfg = Debug|Any CPU
		{7CBA0E1B-BDFD-4E3C-BD5F-1CCC9662697F}.Debug|Any CPU.Build.0 = Debug|Any CPU
		{7CBA0E1B-BDFD-4E3C-BD5F-1CCC9662697F}.Release|Any CPU.ActiveCfg = Release|Any CPU
		{7CBA0E1B-BDFD-4E3C-BD5F-1CCC9662697F}.Release|Any CPU.Build.0 = Release|Any CPU
		{25C31EF1-50CE-4B48-9701-9739D4518684}.Debug|Any CPU.ActiveCfg = Debug|Any CPU
		{25C31EF1-50CE-4B48-9701-9739D4518684}.Debug|Any CPU.Build.0 = Debug|Any CPU
		{25C31EF1-50CE-4B48-9701-9739D4518684}.Release|Any CPU.ActiveCfg = Release|Any CPU
		{25C31EF1-50CE-4B48-9701-9739D4518684}.Release|Any CPU.Build.0 = Release|Any CPU
		{1F0C3B79-D02D-4DFD-A114-FA8360F3A410}.Debug|Any CPU.ActiveCfg = Debug|Any CPU
		{1F0C3B79-D02D-4DFD-A114-FA8360F3A410}.Debug|Any CPU.Build.0 = Debug|Any CPU
		{1F0C3B79-D02D-4DFD-A114-FA8360F3A410}.Release|Any CPU.ActiveCfg = Release|Any CPU
		{1F0C3B79-D02D-4DFD-A114-FA8360F3A410}.Release|Any CPU.Build.0 = Release|Any CPU
		{59C04875-8DAB-4035-9C18-55A21E924B30}.Debug|Any CPU.ActiveCfg = Debug|Any CPU
		{59C04875-8DAB-4035-9C18-55A21E924B30}.Debug|Any CPU.Build.0 = Debug|Any CPU
		{59C04875-8DAB-4035-9C18-55A21E924B30}.Release|Any CPU.ActiveCfg = Release|Any CPU
		{59C04875-8DAB-4035-9C18-55A21E924B30}.Release|Any CPU.Build.0 = Release|Any CPU
		{AF47086F-0041-45E0-A686-23824C769BAE}.Debug|Any CPU.ActiveCfg = Debug|Any CPU
		{AF47086F-0041-45E0-A686-23824C769BAE}.Debug|Any CPU.Build.0 = Debug|Any CPU
		{AF47086F-0041-45E0-A686-23824C769BAE}.Release|Any CPU.ActiveCfg = Release|Any CPU
		{AF47086F-0041-45E0-A686-23824C769BAE}.Release|Any CPU.Build.0 = Release|Any CPU
		{3BDDF8C3-C028-402D-BC83-BC4B8F60956B}.Debug|Any CPU.ActiveCfg = Debug|Any CPU
		{3BDDF8C3-C028-402D-BC83-BC4B8F60956B}.Debug|Any CPU.Build.0 = Debug|Any CPU
		{3BDDF8C3-C028-402D-BC83-BC4B8F60956B}.Release|Any CPU.ActiveCfg = Release|Any CPU
		{3BDDF8C3-C028-402D-BC83-BC4B8F60956B}.Release|Any CPU.Build.0 = Release|Any CPU
		{706C71C8-F784-405B-89CC-71E3D10CA353}.Debug|Any CPU.ActiveCfg = Debug|Any CPU
		{706C71C8-F784-405B-89CC-71E3D10CA353}.Debug|Any CPU.Build.0 = Debug|Any CPU
		{706C71C8-F784-405B-89CC-71E3D10CA353}.Release|Any CPU.ActiveCfg = Release|Any CPU
		{706C71C8-F784-405B-89CC-71E3D10CA353}.Release|Any CPU.Build.0 = Release|Any CPU
		{065C2297-164B-4705-A838-23560DD76EEB}.Debug|Any CPU.ActiveCfg = Debug|Any CPU
		{065C2297-164B-4705-A838-23560DD76EEB}.Debug|Any CPU.Build.0 = Debug|Any CPU
		{065C2297-164B-4705-A838-23560DD76EEB}.Release|Any CPU.ActiveCfg = Release|Any CPU
		{065C2297-164B-4705-A838-23560DD76EEB}.Release|Any CPU.Build.0 = Release|Any CPU
		{F4E3ABC4-84FC-4241-A19F-332997B079D1}.Debug|Any CPU.ActiveCfg = Debug|Any CPU
		{F4E3ABC4-84FC-4241-A19F-332997B079D1}.Debug|Any CPU.Build.0 = Debug|Any CPU
		{F4E3ABC4-84FC-4241-A19F-332997B079D1}.Release|Any CPU.ActiveCfg = Release|Any CPU
		{F4E3ABC4-84FC-4241-A19F-332997B079D1}.Release|Any CPU.Build.0 = Release|Any CPU
	EndGlobalSection
	GlobalSection(SolutionProperties) = preSolution
		HideSolutionNode = FALSE
	EndGlobalSection
	GlobalSection(ExtensibilityGlobals) = postSolution
		SolutionGuid = {1BC67196-12B6-41C3-92FF-6889CEE774C0}
	EndGlobalSection
EndGlobal
